
Microsoft Visual Studio Solution File, Format Version 12.00
# Visual Studio Version 17
VisualStudioVersion = 17.9.34728.123
MinimumVisualStudioVersion = 10.0.40219.1
Project("{888888A0-9F3D-457C-B088-3A5042F75D52}") = "DownloadFolderOrganizer", "DownloadFolderOrganizer.pyproj", "{FF1F130D-E573-4CCE-BB78-278740A9F570}"
EndProject
Global
	GlobalSection(SolutionConfigurationPlatforms) = preSolution
		Debug|Any CPU = Debug|Any CPU
		Release|Any CPU = Release|Any CPU
	EndGlobalSection
	GlobalSection(ProjectConfigurationPlatforms) = postSolution
		{FF1F130D-E573-4CCE-BB78-278740A9F570}.Debug|Any CPU.ActiveCfg = Debug|Any CPU
		{FF1F130D-E573-4CCE-BB78-278740A9F570}.Release|Any CPU.ActiveCfg = Release|Any CPU
	EndGlobalSection
	GlobalSection(SolutionProperties) = preSolution
		HideSolutionNode = FALSE
	EndGlobalSection
	GlobalSection(ExtensibilityGlobals) = postSolution
		SolutionGuid = {1CDA6C0B-EC4C-4BCE-A1E1-86208B204B77}
	EndGlobalSection
EndGlobal
